
Microsoft Visual Studio Solution File, Format Version 12.00
# Visual Studio Version 16
VisualStudioVersion = 16.0.29123.88
MinimumVisualStudioVersion = 10.0.40219.1
Project("{FAE04EC0-301F-11D3-BF4B-00C04F79EFBC}") = "Correo", "Correo\Correo.csproj", "{6C1B273A-EE9C-4C4F-8151-B2D855F37336}"
EndProject
Global
	GlobalSection(SolutionConfigurationPlatforms) = preSolution
		Debug|Any CPU = Debug|Any CPU
		Release|Any CPU = Release|Any CPU
	EndGlobalSection
	GlobalSection(ProjectConfigurationPlatforms) = postSolution
		{6C1B273A-EE9C-4C4F-8151-B2D855F37336}.Debug|Any CPU.ActiveCfg = Debug|Any CPU
		{6C1B273A-EE9C-4C4F-8151-B2D855F37336}.Debug|Any CPU.Build.0 = Debug|Any CPU
		{6C1B273A-EE9C-4C4F-8151-B2D855F37336}.Release|Any CPU.ActiveCfg = Release|Any CPU
		{6C1B273A-EE9C-4C4F-8151-B2D855F37336}.Release|Any CPU.Build.0 = Release|Any CPU
	EndGlobalSection
	GlobalSection(SolutionProperties) = preSolution
		HideSolutionNode = FALSE
	EndGlobalSection
	GlobalSection(ExtensibilityGlobals) = postSolution
		SolutionGuid = {8CF75579-9222-48A8-AEBE-2DDBAF472426}
	EndGlobalSection
EndGlobal
